{
    "_meta": {
        "hash": {
            "sha256": "bc406dbb03c23fa132fdef3d400edbc716b020becaf56bc8ccd96b8bdfe6305c"
        },
        "pipfile-spec": 6,
        "requires": {
            "python_version": "2.7"
        },
        "sources": [
            {
                "name": "pypi",
                "url": "https://pypi.org/simple",
                "verify_ssl": true
            }
        ]
    },
    "default": {
        "requests": {
            "path": "./requests"
        }
    },
    "develop": {}
}
